
Microsoft Visual Studio Solution File, Format Version 12.00
# Visual Studio Version 17
VisualStudioVersion = 17.7.34031.279
MinimumVisualStudioVersion = 10.0.40219.1
Project("{FAE04EC0-301F-11D3-BF4B-00C04F79EFBC}") = "AutoRia", "AutoRia\AutoRia.csproj", "{719171F2-526F-4AE8-A0DE-B825C95AA985}"
EndProject
Project("{FAE04EC0-301F-11D3-BF4B-00C04F79EFBC}") = "DataAccess", "CarDbAccess\DataAccess.csproj", "{930F28E8-943C-4D4E-ACB2-C1BBA55A3FD5}"
EndProject
Global
	GlobalSection(SolutionConfigurationPlatforms) = preSolution
		Debug|Any CPU = Debug|Any CPU
		Release|Any CPU = Release|Any CPU
	EndGlobalSection
	GlobalSection(ProjectConfigurationPlatforms) = postSolution
		{719171F2-526F-4AE8-A0DE-B825C95AA985}.Debug|Any CPU.ActiveCfg = Debug|Any CPU
		{719171F2-526F-4AE8-A0DE-B825C95AA985}.Debug|Any CPU.Build.0 = Debug|Any CPU
		{719171F2-526F-4AE8-A0DE-B825C95AA985}.Release|Any CPU.ActiveCfg = Release|Any CPU
		{719171F2-526F-4AE8-A0DE-B825C95AA985}.Release|Any CPU.Build.0 = Release|Any CPU
		{930F28E8-943C-4D4E-ACB2-C1BBA55A3FD5}.Debug|Any CPU.ActiveCfg = Debug|Any CPU
		{930F28E8-943C-4D4E-ACB2-C1BBA55A3FD5}.Debug|Any CPU.Build.0 = Debug|Any CPU
		{930F28E8-943C-4D4E-ACB2-C1BBA55A3FD5}.Release|Any CPU.ActiveCfg = Release|Any CPU
		{930F28E8-943C-4D4E-ACB2-C1BBA55A3FD5}.Release|Any CPU.Build.0 = Release|Any CPU
	EndGlobalSection
	GlobalSection(SolutionProperties) = preSolution
		HideSolutionNode = FALSE
	EndGlobalSection
	GlobalSection(ExtensibilityGlobals) = postSolution
		SolutionGuid = {BCAED875-B0AF-4AA6-935E-55FAE8811068}
	EndGlobalSection
EndGlobal
